
Microsoft Visual Studio Solution File, Format Version 12.00
# Visual Studio Version 16
VisualStudioVersion = 16.0.30330.147
MinimumVisualStudioVersion = 10.0.40219.1
Project("{9A19103F-16F7-4668-BE54-9A1E7A4F7556}") = "Sumar", "Sumar\Sumar.csproj", "{1B271DFE-05DE-4517-9314-5829D7F9D550}"
EndProject
Project("{FAE04EC0-301F-11D3-BF4B-00C04F79EFBC}") = "UnitTestSumar1", "UnitTestSumar1\UnitTestSumar1.csproj", "{5B91438C-A817-4F4C-9EE0-CA8FF8683860}"
EndProject
Global
	GlobalSection(SolutionConfigurationPlatforms) = preSolution
		Debug|Any CPU = Debug|Any CPU
		Release|Any CPU = Release|Any CPU
	EndGlobalSection
	GlobalSection(ProjectConfigurationPlatforms) = postSolution
		{1B271DFE-05DE-4517-9314-5829D7F9D550}.Debug|Any CPU.ActiveCfg = Debug|Any CPU
		{1B271DFE-05DE-4517-9314-5829D7F9D550}.Debug|Any CPU.Build.0 = Debug|Any CPU
		{1B271DFE-05DE-4517-9314-5829D7F9D550}.Release|Any CPU.ActiveCfg = Release|Any CPU
		{1B271DFE-05DE-4517-9314-5829D7F9D550}.Release|Any CPU.Build.0 = Release|Any CPU
		{5B91438C-A817-4F4C-9EE0-CA8FF8683860}.Debug|Any CPU.ActiveCfg = Debug|Any CPU
		{5B91438C-A817-4F4C-9EE0-CA8FF8683860}.Debug|Any CPU.Build.0 = Debug|Any CPU
		{5B91438C-A817-4F4C-9EE0-CA8FF8683860}.Release|Any CPU.ActiveCfg = Release|Any CPU
		{5B91438C-A817-4F4C-9EE0-CA8FF8683860}.Release|Any CPU.Build.0 = Release|Any CPU
	EndGlobalSection
	GlobalSection(SolutionProperties) = preSolution
		HideSolutionNode = FALSE
	EndGlobalSection
	GlobalSection(ExtensibilityGlobals) = postSolution
		SolutionGuid = {18610FE0-C1EB-4B58-A7E2-DA60E9C43C2E}
	EndGlobalSection
EndGlobal
